hash: bb3ffe6e7708f9250d0c1f52120213d90d6ca5cb717f93825c982e1033803bd4
updated: 2016-03-12T14:07:05.428364086Z
imports:
- name: github.com/gin-gonic/gin
  version: b3878c2465f34fa1772f666fea9adf05f1dca727
  subpackages:
  - binding
  - render
- name: github.com/go-yaml/yaml
  version: f7716cbe52baa25d2e9b0d0da546fcf909fc16b4
- name: github.com/golang/protobuf
  version: 2402d76f3d41f928c7902a765dfc872356dd3aad
  subpackages:
  - proto
- name: github.com/hoisie/mustache
  version: af524a16a1b1bd467c342969bf37db23433466c4
- name: github.com/jasonlvhit/gocron
  version: 0b564bf03e9665599efbcba1c6fba3d84212c197
- name: github.com/jinzhu/gorm
  version: aa45da15421ddb1549a7060e5c189f8350a29166
- name: github.com/jinzhu/inflection
  version: 3272df6c21d04180007eb3349844c89a3856bc25
- name: github.com/jteeuwen/go-bindata
  version: a0ff2567cfb70903282db057e799fd826784d41d
- name: github.com/lib/pq
  version: 69552e54d2a9d4c6a2438926a774930f7bc398ec
  subpackages:
  - hstore
- name: github.com/Machiel/slugify
  version: 9c8f186ad6ea352ad2709ad0ec08f2ecc8a1b424
- name: github.com/manucorporat/sse
  version: ee05b128a739a0fb76c7ebd3ae4810c1de808d6d
- name: github.com/mattn/go-sqlite3
  version: 09d5c451710ef887470709463f4f04ff83e1e039
- name: github.com/Sirupsen/logrus
  version: 74bde9ea4c5b2c78995da8ed56d37e75644dc941
- name: github.com/voxelbrain/goptions
  version: 26cb8b04692384f4dc269de3b5fcf3e2ef78573e
- name: golang.org/x/net
  version: f315505cf3349909cdf013ea56690da34e96a451
  subpackages:
  - context
- name: golang.org/x/oauth2
  version: 2cd4472c321b6cba78e029d99f0e7fe51032fd21
  subpackages:
  - internal
- name: golang.org/x/sys
  version: 19ced1583f732e8ff9d7d84de773dc621557df99
  subpackages:
  - unix
- name: google.golang.org/appengine
  version: 6a436539be38c296a8075a871cc536686b458371
  subpackages:
  - urlfetch
  - internal
  - internal/urlfetch
  - internal/base
  - internal/datastore
  - internal/log
  - internal/remote_api
- name: gopkg.in/go-playground/validator.v8
  version: c193cecd124b5cc722d7ee5538e945bdb3348435
- name: gopkg.in/yaml.v2
  version: f7716cbe52baa25d2e9b0d0da546fcf909fc16b4
devImports: []
